
Microsoft Visual Studio Solution File, Format Version 12.00
# Visual Studio Version 17
VisualStudioVersion = 17.5.002.0
MinimumVisualStudioVersion = 10.0.40219.1
Project("{9A19103F-16F7-4668-BE54-9A1E7A4F7556}") = "NewtonRaphson", "NewtonRaphson.csproj", "{0204E7F3-C01F-4F38-9755-91AF2522D7D5}"
EndProject
Global
	GlobalSection(SolutionConfigurationPlatforms) = preSolution
		Debug|Any CPU = Debug|Any CPU
		Release|Any CPU = Release|Any CPU
	EndGlobalSection
	GlobalSection(ProjectConfigurationPlatforms) = postSolution
		{0204E7F3-C01F-4F38-9755-91AF2522D7D5}.Debug|Any CPU.ActiveCfg = Debug|Any CPU
		{0204E7F3-C01F-4F38-9755-91AF2522D7D5}.Debug|Any CPU.Build.0 = Debug|Any CPU
		{0204E7F3-C01F-4F38-9755-91AF2522D7D5}.Release|Any CPU.ActiveCfg = Release|Any CPU
		{0204E7F3-C01F-4F38-9755-91AF2522D7D5}.Release|Any CPU.Build.0 = Release|Any CPU
	EndGlobalSection
	GlobalSection(SolutionProperties) = preSolution
		HideSolutionNode = FALSE
	EndGlobalSection
	GlobalSection(ExtensibilityGlobals) = postSolution
		SolutionGuid = {556A24F3-E1AB-441B-9E46-97A711F01979}
	EndGlobalSection
EndGlobal
